# This file is automatically @generated by Cargo.
# It is not intended for manual editing.
[[package]]
name = "adler32"
version = "1.2.0"
source = "registry+https://github.com/rust-lang/crates.io-index"
checksum = "aae1277d39aeec15cb388266ecc24b11c80469deae6067e17a1a7aa9e5c1f234"

[[package]]
name = "approx"
version = "0.3.2"
source = "registry+https://github.com/rust-lang/crates.io-index"
checksum = "f0e60b75072ecd4168020818c0107f2857bb6c4e64252d8d3983f6263b40a5c3"
dependencies = [
 "num-traits",
]

[[package]]
name = "autocfg"
version = "1.0.1"
source = "registry+https://github.com/rust-lang/crates.io-index"
checksum = "cdb031dd78e28731d87d56cc8ffef4a8f36ca26c38fe2de700543e627f8a464a"

[[package]]
name = "bitflags"
version = "1.2.1"
source = "registry+https://github.com/rust-lang/crates.io-index"
checksum = "cf1de2fe8c75bc145a2f577add951f8134889b4795d47466a54a5c846d691693"

[[package]]
name = "booking"
version = "0.1.0"
dependencies = [
 "linked-hash-map",
 "macroquad",
 "serde",
 "serde_yaml",
]

[[package]]
name = "byteorder"
version = "1.3.4"
source = "registry+https://github.com/rust-lang/crates.io-index"
checksum = "08c48aae112d48ed9f069b33538ea9e3e90aa263cfa3d1c24309612b1f7472de"

[[package]]
name = "cc"
version = "1.0.59"
source = "registry+https://github.com/rust-lang/crates.io-index"
checksum = "66120af515773fb005778dc07c261bd201ec8ce50bd6e7144c927753fe013381"

[[package]]
name = "cfg-if"
version = "0.1.10"
source = "registry+https://github.com/rust-lang/crates.io-index"
checksum = "4785bdd1c96b2a846b2bd7cc02e86b6b3dbf14e7e53446c4f54c92a361040822"

[[package]]
name = "crc32fast"
version = "1.2.0"
source = "registry+https://github.com/rust-lang/crates.io-index"
checksum = "ba125de2af0df55319f41944744ad91c71113bf74a4646efff39afe1f6842db1"
dependencies = [
 "cfg-if",
]

[[package]]
name = "deflate"
version = "0.7.20"
source = "registry+https://github.com/rust-lang/crates.io-index"
checksum = "707b6a7b384888a70c8d2e8650b3e60170dfc6a67bb4aa67b6dfca57af4bedb4"
dependencies = [
 "adler32",
 "byteorder",
]

[[package]]
name = "dtoa"
version = "0.4.6"
source = "registry+https://github.com/rust-lang/crates.io-index"
checksum = "134951f4028bdadb9b84baf4232681efbf277da25144b9b0ad65df75946c422b"

[[package]]
name = "glam"
version = "0.8.7"
source = "registry+https://github.com/rust-lang/crates.io-index"
checksum = "b00572b5b10070ac495be20a25b4c8d379d20bcdec8ea0c870022b620ec79b20"

[[package]]
name = "image"
version = "0.22.5"
source = "registry+https://github.com/rust-lang/crates.io-index"
checksum = "08ed2ada878397b045454ac7cfb011d73132c59f31a955d230bd1f1c2e68eb4a"
dependencies = [
 "byteorder",
 "num-iter",
 "num-rational",
 "num-traits",
 "png",
]

[[package]]
name = "inflate"
version = "0.4.5"
source = "registry+https://github.com/rust-lang/crates.io-index"
checksum = "1cdb29978cc5797bd8dcc8e5bf7de604891df2a8dc576973d71a281e916db2ff"
dependencies = [
 "adler32",
]

[[package]]
name = "libc"
version = "0.2.77"
source = "registry+https://github.com/rust-lang/crates.io-index"
checksum = "f2f96b10ec2560088a8e76961b00d47107b3a625fecb76dedb29ee7ccbf98235"

[[package]]
name = "linked-hash-map"
version = "0.5.3"
source = "registry+https://github.com/rust-lang/crates.io-index"
checksum = "8dd5a6d5999d9907cda8ed67bbd137d3af8085216c2ac62de5be860bd41f304a"
dependencies = [
 "serde",
 "serde_test",
]

[[package]]
name = "macroquad"
version = "0.2.9"
source = "git+https://github.com/not-fl3/macroquad.git#31cff5d89ed17a6c83f39cf6568348dab25145dc"
dependencies = [
 "glam",
 "image",
 "macroquad_macro",
 "megaui",
 "miniquad",
 "quad-gl",
 "quad-rand",
]

[[package]]
name = "macroquad_macro"
version = "0.1.0"
source = "git+https://github.com/not-fl3/macroquad.git#31cff5d89ed17a6c83f39cf6568348dab25145dc"

[[package]]
name = "megaui"
version = "0.2.12"
source = "registry+https://github.com/rust-lang/crates.io-index"
checksum = "3470b1af54c78a5f11dd20e977af497f3cc177462c3c5b08c64d1df2b76aafe4"
dependencies = [
 "miniquad_text_rusttype",
]

[[package]]
name = "miniquad"
version = "0.3.0-alpha.11"
source = "registry+https://github.com/rust-lang/crates.io-index"
checksum = "9087613d71140a1700e910148208586de4e40a29f89939cfc65703456c951be9"
dependencies = [
 "sapp-android",
 "sapp-darwin",
 "sapp-dummy",
 "sapp-linux",
 "sapp-wasm",
 "sapp-windows",
]

[[package]]
name = "miniquad_text_rusttype"
version = "0.1.2"
source = "registry+https://github.com/rust-lang/crates.io-index"
checksum = "3223bd0dbc43a241228209464f995a7a6a86d64865459a8f1b8870890c6caea7"
dependencies = [
 "rusttype 0.7.9",
]

[[package]]
name = "num-integer"
version = "0.1.43"
source = "registry+https://github.com/rust-lang/crates.io-index"
checksum = "8d59457e662d541ba17869cf51cf177c0b5f0cbf476c66bdc90bf1edac4f875b"
dependencies = [
 "autocfg",
 "num-traits",
]

[[package]]
name = "num-iter"
version = "0.1.41"
source = "registry+https://github.com/rust-lang/crates.io-index"
checksum = "7a6e6b7c748f995c4c29c5f5ae0248536e04a5739927c74ec0fa564805094b9f"
dependencies = [
 "autocfg",
 "num-integer",
 "num-traits",
]

[[package]]
name = "num-rational"
version = "0.2.4"
source = "registry+https://github.com/rust-lang/crates.io-index"
checksum = "5c000134b5dbf44adc5cb772486d335293351644b801551abe8f75c84cfa4aef"
dependencies = [
 "autocfg",
 "num-integer",
 "num-traits",
]

[[package]]
name = "num-traits"
version = "0.2.12"
source = "registry+https://github.com/rust-lang/crates.io-index"
checksum = "ac267bcc07f48ee5f8935ab0d24f316fb722d7a1292e2913f0cc196b29ffd611"
dependencies = [
 "autocfg",
]

[[package]]
name = "ordered-float"
version = "1.1.0"
source = "registry+https://github.com/rust-lang/crates.io-index"
checksum = "3741934be594d77de1c8461ebcbbe866f585ea616a9753aa78f2bdc69f0e4579"
dependencies = [
 "num-traits",
]

[[package]]
name = "png"
version = "0.15.3"
source = "registry+https://github.com/rust-lang/crates.io-index"
checksum = "ef859a23054bbfee7811284275ae522f0434a3c8e7f4b74bd4a35ae7e1c4a283"
dependencies = [
 "bitflags",
 "crc32fast",
 "deflate",
 "inflate",
]

[[package]]
name = "proc-macro2"
version = "1.0.21"
source = "registry+https://github.com/rust-lang/crates.io-index"
checksum = "36e28516df94f3dd551a587da5357459d9b36d945a7c37c3557928c1c2ff2a2c"
dependencies = [
 "unicode-xid",
]

[[package]]
name = "quad-gl"
version = "0.2.3"
source = "registry+https://github.com/rust-lang/crates.io-index"
checksum = "a6a9c34f7e344c68903c30f92fda630a881f88ab5d7b8fd64a6b794ee62ffbf5"
dependencies = [
 "glam",
 "image",
 "miniquad",
]

[[package]]
name = "quad-rand"
version = "0.1.1"
source = "registry+https://github.com/rust-lang/crates.io-index"
checksum = "ec3e8eb9b1d9b58a43bac8f20985768ddcc03b928a909d4d39ced327b971fec5"

[[package]]
name = "quote"
version = "1.0.7"
source = "registry+https://github.com/rust-lang/crates.io-index"
checksum = "aa563d17ecb180e500da1cfd2b028310ac758de548efdd203e18f283af693f37"
dependencies = [
 "proc-macro2",
]

[[package]]
name = "rusttype"
version = "0.7.9"
source = "registry+https://github.com/rust-lang/crates.io-index"
checksum = "310942406a39981bed7e12b09182a221a29e0990f3e7e0c971f131922ed135d5"
dependencies = [
 "rusttype 0.8.3",
]

[[package]]
name = "rusttype"
version = "0.8.3"
source = "registry+https://github.com/rust-lang/crates.io-index"
checksum = "9f61411055101f7b60ecf1041d87fb74205fb20b0c7a723f07ef39174cf6b4c0"
dependencies = [
 "approx",
 "ordered-float",
 "stb_truetype",
]

[[package]]
name = "sapp-android"
version = "0.1.1"
source = "registry+https://github.com/rust-lang/crates.io-index"
checksum = "d5547ac47995d3c38e80f1ee5b0794c04090e67f6703878fb0008539a91dbc70"
dependencies = [
 "cc",
 "libc",
]

[[package]]
name = "sapp-darwin"
version = "0.1.2"
source = "registry+https://github.com/rust-lang/crates.io-index"
checksum = "011e764a379302de761892ad9a0de6e5d612146423b39ddee125fb1cb2ffcb73"
dependencies = [
 "cc",
 "libc",
]

[[package]]
name = "sapp-dummy"
version = "0.1.3"
source = "registry+https://github.com/rust-lang/crates.io-index"
checksum = "844086b04fc920b4b604af0bb6ffc5c3b43dbb4fe94fd6f532c41a391e12f717"
dependencies = [
 "libc",
]

[[package]]
name = "sapp-linux"
version = "0.1.8"
source = "registry+https://github.com/rust-lang/crates.io-index"
checksum = "1f375ce42d40696ab27c5cbf410580e991ebf520cb7eb085df1b73c17bf53a69"
dependencies = [
 "libc",
]

[[package]]
name = "sapp-wasm"
version = "0.1.18"
source = "registry+https://github.com/rust-lang/crates.io-index"
checksum = "a4bc4bc1e5193e62ef8f3185a82d0e0416581b67d9ae0f02ef53c9ad54653689"

[[package]]
name = "sapp-windows"
version = "0.2.9"
source = "registry+https://github.com/rust-lang/crates.io-index"
checksum = "68e7ace3bb21c750c1a47fb97a39e41d7cd795ab16c9a2da7103255a862d623f"
dependencies = [
 "cc",
 "libc",
]

[[package]]
name = "serde"
version = "1.0.116"
source = "registry+https://github.com/rust-lang/crates.io-index"
checksum = "96fe57af81d28386a513cbc6858332abc6117cfdb5999647c6444b8f43a370a5"
dependencies = [
 "serde_derive",
]

[[package]]
name = "serde_derive"
version = "1.0.116"
source = "registry+https://github.com/rust-lang/crates.io-index"
checksum = "f630a6370fd8e457873b4bd2ffdae75408bc291ba72be773772a4c2a065d9ae8"
dependencies = [
 "proc-macro2",
 "quote",
 "syn",
]

[[package]]
name = "serde_test"
version = "1.0.116"
source = "registry+https://github.com/rust-lang/crates.io-index"
checksum = "923edec3f1ab4a2f489f384e117dc4f826fd977a9d189b28717cba8474dd5c6b"
dependencies = [
 "serde",
]

[[package]]
name = "serde_yaml"
version = "0.8.13"
source = "registry+https://github.com/rust-lang/crates.io-index"
checksum = "ae3e2dd40a7cdc18ca80db804b7f461a39bb721160a85c9a1fa30134bf3c02a5"
dependencies = [
 "dtoa",
 "linked-hash-map",
 "serde",
 "yaml-rust",
]

[[package]]
name = "stb_truetype"
version = "0.3.1"
source = "registry+https://github.com/rust-lang/crates.io-index"
checksum = "f77b6b07e862c66a9f3e62a07588fee67cd90a9135a2b942409f195507b4fb51"
dependencies = [
 "byteorder",
]

[[package]]
name = "syn"
version = "1.0.40"
source = "registry+https://github.com/rust-lang/crates.io-index"
checksum = "963f7d3cc59b59b9325165add223142bbf1df27655d07789f109896d353d8350"
dependencies = [
 "proc-macro2",
 "quote",
 "unicode-xid",
]

[[package]]
name = "unicode-xid"
version = "0.2.1"
source = "registry+https://github.com/rust-lang/crates.io-index"
checksum = "f7fe0bb3479651439c9112f72b6c505038574c9fbb575ed1bf3b797fa39dd564"

[[package]]
name = "yaml-rust"
version = "0.4.4"
source = "registry+https://github.com/rust-lang/crates.io-index"
checksum = "39f0c922f1a334134dc2f7a8b67dc5d25f0735263feec974345ff706bcf20b0d"
dependencies = [
 "linked-hash-map",
]
